PODS:
  - Aspects (1.4.1)
  - JZNavigationExtension (1.4.7)
  - KVOController (1.1.0)
  - Masonry (1.0.0)
  - MJExtension (3.0.10)
  - MJRefresh (3.1.1)
  - MXParallaxHeader (0.5.0)
  - pop (1.0.9)
  - Reachability (3.2)
  - SDWebImage (3.7.6):
    - SDWebImage/Core (= 3.7.6)
  - SDWebImage/Core (3.7.6)
  - SSKeychain (1.4.0)
  - UITableView+FDTemplateLayoutCell_Bell (1.5.0)

DEPENDENCIES:
  - Aspects
  - JZNavigationExtension
  - KVOController
  - Masonry (~> 1.0.0)
  - MJExtension
  - MJRefresh
  - MXParallaxHeader (~> 0.5.0)
  - pop
  - Reachability (~> 3.2)
  - SDWebImage (~> 3.7.6)
  - SSKeychain
  - UITableView+FDTemplateLayoutCell_Bell (~> 1.5.0)

SPEC CHECKSUMS:
  Aspects: 7595ba96a6727a58ebcbfc954497fc5d2fdde546
  JZNavigationExtension: 235f57793791de029dd3e6cf785821abf75eeff1
  KVOController: 321b5fc59300fcaabd42c0f679baa7a27efbb2fd
  Masonry: b529bb169217897b6354d4b56b1fada6d475b13d
  MJExtension: d86aacb740c87519d20e3cca55b6fa4be6cc7548
  MJRefresh: 70a47c5543b567cdaf70ead5a6e99ce820652eb9
  MXParallaxHeader: c7dfdf8d769a8eb868a431ec3aeaf994a147b8bc
  pop: f667631a5108a2e60d9e8797c9b32ddaf2080bce
  Reachability: 33e18b67625424e47b6cde6d202dce689ad7af96
  SDWebImage: c325cf02c30337336b95beff20a13df489ec0ec9
  SSKeychain: c71293fa57216a40ab06c23f4085387583293de4
  UITableView+FDTemplateLayoutCell_Bell: ee65b057dbbe937bb6764f33d4ca6910d05a0efd

PODFILE CHECKSUM: e31886d4844d40ea576d8537f1ddf109ce8808db

COCOAPODS: 1.1.1
